
Microsoft Visual Studio Solution File, Format Version 12.00
# Visual Studio Version 16
VisualStudioVersion = 16.0.28407.52
MinimumVisualStudioVersion = 15.0.26124.0
Project("{9A19103F-16F7-4668-BE54-9A1E7A4F7556}") = "NewThingsApp", "NewThingsApp\NewThingsApp.csproj", "{EDFF106A-2F4E-4327-8D19-C0EE447FD0A1}"
EndProject
Project("{FAE04EC0-301F-11D3-BF4B-00C04F79EFBC}") = "NewThings", "NewThings\NewThings.csproj", "{25A0C6A6-87FD-40D9-AE34-6596438C548B}"
EndProject
Global
	GlobalSection(SolutionConfigurationPlatforms) = preSolution
		Debug|Any CPU = Debug|Any CPU
		Release|Any CPU = Release|Any CPU
	EndGlobalSection
	GlobalSection(ProjectConfigurationPlatforms) = postSolution
		{EDFF106A-2F4E-4327-8D19-C0EE447FD0A1}.Debug|Any CPU.ActiveCfg = Debug|Any CPU
		{EDFF106A-2F4E-4327-8D19-C0EE447FD0A1}.Debug|Any CPU.Build.0 = Debug|Any CPU
		{EDFF106A-2F4E-4327-8D19-C0EE447FD0A1}.Release|Any CPU.ActiveCfg = Release|Any CPU
		{EDFF106A-2F4E-4327-8D19-C0EE447FD0A1}.Release|Any CPU.Build.0 = Release|Any CPU
		{25A0C6A6-87FD-40D9-AE34-6596438C548B}.Debug|Any CPU.ActiveCfg = Debug|Any CPU
		{25A0C6A6-87FD-40D9-AE34-6596438C548B}.Debug|Any CPU.Build.0 = Debug|Any CPU
		{25A0C6A6-87FD-40D9-AE34-6596438C548B}.Release|Any CPU.ActiveCfg = Release|Any CPU
		{25A0C6A6-87FD-40D9-AE34-6596438C548B}.Release|Any CPU.Build.0 = Release|Any CPU
	EndGlobalSection
	GlobalSection(SolutionProperties) = preSolution
		HideSolutionNode = FALSE
	EndGlobalSection
	GlobalSection(ExtensibilityGlobals) = postSolution
		SolutionGuid = {082F6B2A-E04C-49E4-BEE6-622B9709BB0B}
	EndGlobalSection
EndGlobal
